// !$*UTF8*$!
{
	archiveVersion = 1;
	classes = {
	};
	objectVersion = 55;
	objects = {

/* Begin PBXBuildFile section */
		94D63D2C27459EF00018034B /* AppDelegate.swift in Sources */ = {isa = PBXBuildFile; fileRef = 94D63D2B27459EF00018034B /* AppDelegate.swift */; };
		94D63D2E27459EF00018034B /* SceneDelegate.swift in Sources */ = {isa = PBXBuildFile; fileRef = 94D63D2D27459EF00018034B /* SceneDelegate.swift */; };
		94D63D3027459EF00018034B /* InputViewController.swift in Sources */ = {isa = PBXBuildFile; fileRef = 94D63D2F27459EF00018034B /* InputViewController.swift */; };
		94D63D3327459EF00018034B /* Main.storyboard in Resources */ = {isa = PBXBuildFile; fileRef = 94D63D3127459EF00018034B /* Main.storyboard */; };
		94D63D3527459EF10018034B /* Assets.xcassets in Resources */ = {isa = PBXBuildFile; fileRef = 94D63D3427459EF10018034B /* Assets.xcassets */; };
		94D63D3827459EF10018034B /* LaunchScreen.storyboard in Resources */ = {isa = PBXBuildFile; fileRef = 94D63D3627459EF10018034B /* LaunchScreen.storyboard */; };
		94D63D662745E5F70018034B /* ResultViewController.swift in Sources */ = {isa = PBXBuildFile; fileRef = 94D63D652745E5F70018034B /* ResultViewController.swift */; };
		94D63D69274619010018034B /* BmiCalculator.swift in Sources */ = {isa = PBXBuildFile; fileRef = 94D63D68274619010018034B /* BmiCalculator.swift */; };
		94D63D6B27461D4A0018034B /* BmiDataStorage.swift in Sources */ = {isa = PBXBuildFile; fileRef = 94D63D6A27461D4A0018034B /* BmiDataStorage.swift */; };
/* End PBXBuildFile section */

/* Begin PBXFileReference section */
		94D63D2827459EF00018034B /* MyBmiCalculator.app */ = {isa = PBXFileReference; explicitFileType = wrapper.application; includeInIndex = 0; path = MyBmiCalculator.app; sourceTree = BUILT_PRODUCTS_DIR; };
		94D63D2B27459EF00018034B /* AppDelegate.swift */ = {isa = PBXFileReference; lastKnownFileType = sourcecode.swift; path = AppDelegate.swift; sourceTree = "<group>"; };
		94D63D2D27459EF00018034B /* SceneDelegate.swift */ = {isa = PBXFileReference; lastKnownFileType = sourcecode.swift; path = SceneDelegate.swift; sourceTree = "<group>"; };
		94D63D2F27459EF00018034B /* InputViewController.swift */ = {isa = PBXFileReference; lastKnownFileType = sourcecode.swift; path = InputViewController.swift; sourceTree = "<group>"; };
		94D63D3227459EF00018034B /* Base */ = {isa = PBXFileReference; lastKnownFileType = file.storyboard; name = Base; path = Base.lproj/Main.storyboard; sourceTree = "<group>"; };
		94D63D3427459EF10018034B /* Assets.xcassets */ = {isa = PBXFileReference; lastKnownFileType = folder.assetcatalog; path = Assets.xcassets; sourceTree = "<group>"; };
		94D63D3727459EF10018034B /* Base */ = {isa = PBXFileReference; lastKnownFileType = file.storyboard; name = Base; path = Base.lproj/LaunchScreen.storyboard; sourceTree = "<group>"; };
		94D63D3927459EF10018034B /* Info.plist */ = {isa = PBXFileReference; lastKnownFileType = text.plist.xml; path = Info.plist; sourceTree = "<group>"; };
		94D63D652745E5F70018034B /* ResultViewController.swift */ = {isa = PBXFileReference; lastKnownFileType = sourcecode.swift; path = ResultViewController.swift; sourceTree = "<group>"; };
		94D63D68274619010018034B /* BmiCalculator.swift */ = {isa = PBXFileReference; lastKnownFileType = sourcecode.swift; path = BmiCalculator.swift; sourceTree = "<group>"; };
		94D63D6A27461D4A0018034B /* BmiDataStorage.swift */ = {isa = PBXFileReference; lastKnownFileType = sourcecode.swift; path = BmiDataStorage.swift; sourceTree = "<group>"; };
/* End PBXFileReference section */

/* Begin PBXFrameworksBuildPhase section */
		94D63D2527459EF00018034B /* Frameworks */ = {
			isa = PBXFrameworksBuildPhase;
			buildActionMask = 2147483647;
			files = (
			);
			runOnlyForDeploymentPostprocessing = 0;
		};
/* End PBXFrameworksBuildPhase section */

/* Begin PBXGroup section */
		94D63D1F27459EF00018034B = {
			isa = PBXGroup;
			children = (
				94D63D2A27459EF00018034B /* MyBmiCalculator */,
				94D63D2927459EF00018034B /* Products */,
			);
			sourceTree = "<group>";
		};
		94D63D2927459EF00018034B /* Products */ = {
			isa = PBXGroup;
			children = (
				94D63D2827459EF00018034B /* MyBmiCalculator.app */,
			);
			name = Products;
			sourceTree = "<group>";
		};
		94D63D2A27459EF00018034B /* MyBmiCalculator */ = {
			isa = PBXGroup;
			children = (
				94D63D2B27459EF00018034B /* AppDelegate.swift */,
				94D63D2D27459EF00018034B /* SceneDelegate.swift */,
				94D63D67274618E40018034B /* Model */,
				94D63D402745D40F0018034B /* Controller */,
				94D63D3F2745D4060018034B /* view */,
				94D63D3427459EF10018034B /* Assets.xcassets */,
				94D63D3627459EF10018034B /* LaunchScreen.storyboard */,
				94D63D3927459EF10018034B /* Info.plist */,
			);
			path = MyBmiCalculator;
			sourceTree = "<group>";
		};
		94D63D3F2745D4060018034B /* view */ = {
			isa = PBXGroup;
			children = (
				94D63D3127459EF00018034B /* Main.storyboard */,
			);
			path = view;
			sourceTree = "<group>";
		};
		94D63D402745D40F0018034B /* Controller */ = {
			isa = PBXGroup;
			children = (
				94D63D2F27459EF00018034B /* InputViewController.swift */,
				94D63D652745E5F70018034B /* ResultViewController.swift */,
			);
			path = Controller;
			sourceTree = "<group>";
		};
		94D63D67274618E40018034B /* Model */ = {
			isa = PBXGroup;
			children = (
				94D63D68274619010018034B /* BmiCalculator.swift */,
				94D63D6A27461D4A0018034B /* BmiDataStorage.swift */,
			);
			path = Model;
			sourceTree = "<group>";
		};
/* End PBXGroup section */

/* Begin PBXNativeTarget section */
		94D63D2727459EF00018034B /* MyBmiCalculator */ = {
			isa = PBXNativeTarget;
			buildConfigurationList = 94D63D3C27459EF10018034B /* Build configuration list for PBXNativeTarget "MyBmiCalculator" */;
			buildPhases = (
				94D63D2427459EF00018034B /* Sources */,
				94D63D2527459EF00018034B /* Frameworks */,
				94D63D2627459EF00018034B /* Resources */,
			);
			buildRules = (
			);
			dependencies = (
			);
			name = MyBmiCalculator;
			productName = MyBmiCalculator;
			productReference = 94D63D2827459EF00018034B /* MyBmiCalculator.app */;
			productType = "com.apple.product-type.application";
		};
/* End PBXNativeTarget section */

/* Begin PBXProject section */
		94D63D2027459EF00018034B /* Project object */ = {
			isa = PBXProject;
			attributes = {
				BuildIndependentTargetsInParallel = 1;
				LastSwiftUpdateCheck = 1310;
				LastUpgradeCheck = 1310;
				TargetAttributes = {
					94D63D2727459EF00018034B = {
						CreatedOnToolsVersion = 13.1;
					};
				};
			};
			buildConfigurationList = 94D63D2327459EF00018034B /* Build configuration list for PBXProject "MyBmiCalculator" */;
			compatibilityVersion = "Xcode 13.0";
			developmentRegion = en;
			hasScannedForEncodings = 0;
			knownRegions = (
				en,
				Base,
			);
			mainGroup = 94D63D1F27459EF00018034B;
			productRefGroup = 94D63D2927459EF00018034B /* Products */;
			projectDirPath = "";
			projectRoot = "";
			targets = (
				94D63D2727459EF00018034B /* MyBmiCalculator */,
			);
		};
/* End PBXProject section */

/* Begin PBXResourcesBuildPhase section */
		94D63D2627459EF00018034B /* Resources */ = {
			isa = PBXResourcesBuildPhase;
			buildActionMask = 2147483647;
			files = (
				94D63D3827459EF10018034B /* LaunchScreen.storyboard in Resources */,
				94D63D3527459EF10018034B /* Assets.xcassets in Resources */,
				94D63D3327459EF00018034B /* Main.storyboard in Resources */,
			);
			runOnlyForDeploymentPostprocessing = 0;
		};
/* End PBXResourcesBuildPhase section */

/* Begin PBXSourcesBuildPhase section */
		94D63D2427459EF00018034B /* Sources */ = {
			isa = PBXSourcesBuildPhase;
			buildActionMask = 2147483647;
			files = (
				94D63D6B27461D4A0018034B /* BmiDataStorage.swift in Sources */,
				94D63D69274619010018034B /* BmiCalculator.swift in Sources */,
				94D63D3027459EF00018034B /* InputViewController.swift in Sources */,
				94D63D2C27459EF00018034B /* AppDelegate.swift in Sources */,
				94D63D2E27459EF00018034B /* SceneDelegate.swift in Sources */,
				94D63D662745E5F70018034B /* ResultViewController.swift in Sources */,
			);
			runOnlyForDeploymentPostprocessing = 0;
		};
/* End PBXSourcesBuildPhase section */

/* Begin PBXVariantGroup section */
		94D63D3127459EF00018034B /* Main.storyboard */ = {
			isa = PBXVariantGroup;
			children = (
				94D63D3227459EF00018034B /* Base */,
			);
			name = Main.storyboard;
			sourceTree = "<group>";
		};
		94D63D3627459EF10018034B /* LaunchScreen.storyboard */ = {
			isa = PBXVariantGroup;
			children = (
				94D63D3727459EF10018034B /* Base */,
			);
			name = LaunchScreen.storyboard;
			sourceTree = "<group>";
		};
/* End PBXVariantGroup section */

/* Begin XCBuildConfiguration section */
		94D63D3A27459EF10018034B /* Debug */ = {
			isa = XCBuildConfiguration;
			buildSettings = {
				ALWAYS_SEARCH_USER_PATHS = NO;
				CLANG_ANALYZER_NONNULL = YES;
				CLANG_ANALYZER_NUMBER_OBJECT_CONVERSION = YES_AGGRESSIVE;
				CLANG_CXX_LANGUAGE_STANDARD = "gnu++17";
				CLANG_CXX_LIBRARY = "libc++";
				CLANG_ENABLE_MODULES = YES;
				CLANG_ENABLE_OBJC_ARC = YES;
				CLANG_ENABLE_OBJC_WEAK = YES;
				CLANG_WARN_BLOCK_CAPTURE_AUTORELEASING = YES;
				CLANG_WARN_BOOL_CONVERSION = YES;
				CLANG_WARN_COMMA = YES;
				CLANG_WARN_CONSTANT_CONVERSION = YES;
				CLANG_WARN_DEPRECATED_OBJC_IMPLEMENTATIONS = YES;
				CLANG_WARN_DIRECT_OBJC_ISA_USAGE = YES_ERROR;
				CLANG_WARN_DOCUMENTATION_COMMENTS = YES;
				CLANG_WARN_EMPTY_BODY = YES;
				CLANG_WARN_ENUM_CONVERSION = YES;
				CLANG_WARN_INFINITE_RECURSION = YES;
				CLANG_WARN_INT_CONVERSION = YES;
				CLANG_WARN_NON_LITERAL_NULL_CONVERSION = YES;
				CLANG_WARN_OBJC_IMPLICIT_RETAIN_SELF = YES;
				CLANG_WARN_OBJC_LITERAL_CONVERSION = YES;
				CLANG_WARN_OBJC_ROOT_CLASS = YES_ERROR;
				CLANG_WARN_QUOTED_INCLUDE_IN_FRAMEWORK_HEADER = YES;
				CLANG_WARN_RANGE_LOOP_ANALYSIS = YES;
				CLANG_WARN_STRICT_PROTOTYPES = YES;
				CLANG_WARN_SUSPICIOUS_MOVE = YES;
				CLANG_WARN_UNGUARDED_AVAILABILITY = YES_AGGRESSIVE;
				CLANG_WARN_UNREACHABLE_CODE = YES;
				CLANG_WARN__DUPLICATE_METHOD_MATCH = YES;
				COPY_PHASE_STRIP = NO;
				DEBUG_INFORMATION_FORMAT = dwarf;
				ENABLE_STRICT_OBJC_MSGSEND = YES;
				ENABLE_TESTABILITY = YES;
				GCC_C_LANGUAGE_STANDARD = gnu11;
				GCC_DYNAMIC_NO_PIC = NO;
				GCC_NO_COMMON_BLOCKS = YES;
				GCC_OPTIMIZATION_LEVEL = 0;
				GCC_PREPROCESSOR_DEFINITIONS = (
					"DEBUG=1",
					"$(inherited)",
				);
				GCC_WARN_64_TO_32_BIT_CONVERSION = YES;
				GCC_WARN_ABOUT_RETURN_TYPE = YES_ERROR;
				GCC_WARN_UNDECLARED_SELECTOR = YES;
				GCC_WARN_UNINITIALIZED_AUTOS = YES_AGGRESSIVE;
				GCC_WARN_UNUSED_FUNCTION = YES;
				GCC_WARN_UNUSED_VARIABLE = YES;
				IPHONEOS_DEPLOYMENT_TARGET = 15.0;
				MTL_ENABLE_DEBUG_INFO = INCLUDE_SOURCE;
				MTL_FAST_MATH = YES;
				ONLY_ACTIVE_ARCH = YES;
				SDKROOT = iphoneos;
				SWIFT_ACTIVE_COMPILATION_CONDITIONS = DEBUG;
				SWIFT_OPTIMIZATION_LEVEL = "-Onone";
			};
			name = Debug;
		};
		94D63D3B27459EF10018034B /* Release */ = {
			isa = XCBuildConfiguration;
			buildSettings = {
				ALWAYS_SEARCH_USER_PATHS = NO;
				CLANG_ANALYZER_NONNULL = YES;
				CLANG_ANALYZER_NUMBER_OBJECT_CONVERSION = YES_AGGRESSIVE;
				CLANG_CXX_LANGUAGE_STANDARD = "gnu++17";
				CLANG_CXX_LIBRARY = "libc++";
				CLANG_ENABLE_MODULES = YES;
				CLANG_ENABLE_OBJC_ARC = YES;
				CLANG_ENABLE_OBJC_WEAK = YES;
				CLANG_WARN_BLOCK_CAPTURE_AUTORELEASING = YES;
				CLANG_WARN_BOOL_CONVERSION = YES;
				CLANG_WARN_COMMA = YES;
				CLANG_WARN_CONSTANT_CONVERSION = YES;
				CLANG_WARN_DEPRECATED_OBJC_IMPLEMENTATIONS = YES;
				CLANG_WARN_DIRECT_OBJC_ISA_USAGE = YES_ERROR;
				CLANG_WARN_DOCUMENTATION_COMMENTS = YES;
				CLANG_WARN_EMPTY_BODY = YES;
				CLANG_WARN_ENUM_CONVERSION = YES;
				CLANG_WARN_INFINITE_RECURSION = YES;
				CLANG_WARN_INT_CONVERSION = YES;
				CLANG_WARN_NON_LITERAL_NULL_CONVERSION = YES;
				CLANG_WARN_OBJC_IMPLICIT_RETAIN_SELF = YES;
				CLANG_WARN_OBJC_LITERAL_CONVERSION = YES;
				CLANG_WARN_OBJC_ROOT_CLASS = YES_ERROR;
				CLANG_WARN_QUOTED_INCLUDE_IN_FRAMEWORK_HEADER = YES;
				CLANG_WARN_RANGE_LOOP_ANALYSIS = YES;
				CLANG_WARN_STRICT_PROTOTYPES = YES;
				CLANG_WARN_SUSPICIOUS_MOVE = YES;
				CLANG_WARN_UNGUARDED_AVAILABILITY = YES_AGGRESSIVE;
				CLANG_WARN_UNREACHABLE_CODE = YES;
				CLANG_WARN__DUPLICATE_METHOD_MATCH = YES;
				COPY_PHASE_STRIP = NO;
				DEBUG_INFORMATION_FORMAT = "dwarf-with-dsym";
				ENABLE_NS_ASSERTIONS = NO;
				ENABLE_STRICT_OBJC_MSGSEND = YES;
				GCC_C_LANGUAGE_STANDARD = gnu11;
				GCC_NO_COMMON_BLOCKS = YES;
				GCC_WARN_64_TO_32_BIT_CONVERSION = YES;
				GCC_WARN_ABOUT_RETURN_TYPE = YES_ERROR;
				GCC_WARN_UNDECLARED_SELECTOR = YES;
				GCC_WARN_UNINITIALIZED_AUTOS = YES_AGGRESSIVE;
				GCC_WARN_UNUSED_FUNCTION = YES;
				GCC_WARN_UNUSED_VARIABLE = YES;
				IPHONEOS_DEPLOYMENT_TARGET = 15.0;
				MTL_ENABLE_DEBUG_INFO = NO;
				MTL_FAST_MATH = YES;
				SDKROOT = iphoneos;
				SWIFT_COMPILATION_MODE = wholemodule;
				SWIFT_OPTIMIZATION_LEVEL = "-O";
				VALIDATE_PRODUCT = YES;
			};
			name = Release;
		};
		94D63D3D27459EF10018034B /* Debug */ = {
			isa = XCBuildConfiguration;
			buildSettings = {
				ASSETCATALOG_COMPILER_APPICON_NAME = AppIcon;
				ASSETCATALOG_COMPILER_GLOBAL_ACCENT_COLOR_NAME = AccentColor;
				CODE_SIGN_STYLE = Automatic;
				CURRENT_PROJECT_VERSION = 1;
				GENERATE_INFOPLIST_FILE = YES;
				INFOPLIST_FILE = MyBmiCalculator/Info.plist;
				INFOPLIST_KEY_UIApplicationSupportsIndirectInputEvents = YES;
				INFOPLIST_KEY_UILaunchStoryboardName = LaunchScreen;
				INFOPLIST_KEY_UIMainStoryboardFile = Main;
				INFOPLIST_KEY_UISupportedInterfaceOrientations_iPad = "UIInterfaceOrientationPortrait UIInterfaceOrientationPortraitUpsideDown UIInterfaceOrientationLandscapeLeft UIInterfaceOrientationLandscapeRight";
				INFOPLIST_KEY_UISupportedInterfaceOrientations_iPhone = "UIInterfaceOrientationPortrait UIInterfaceOrientationLandscapeLeft UIInterfaceOrientationLandscapeRight";
				LD_RUNPATH_SEARCH_PATHS = (
					"$(inherited)",
					"@executable_path/Frameworks",
				);
				MARKETING_VERSION = 1.0;
				PRODUCT_BUNDLE_IDENTIFIER = com.ann.MyBmiCalculator;
				PRODUCT_NAME = "$(TARGET_NAME)";
				SWIFT_EMIT_LOC_STRINGS = YES;
				SWIFT_VERSION = 5.0;
				TARGETED_DEVICE_FAMILY = "1,2";
			};
			name = Debug;
		};
		94D63D3E27459EF10018034B /* Release */ = {
			isa = XCBuildConfiguration;
			buildSettings = {
				ASSETCATALOG_COMPILER_APPICON_NAME = AppIcon;
				ASSETCATALOG_COMPILER_GLOBAL_ACCENT_COLOR_NAME = AccentColor;
				CODE_SIGN_STYLE = Automatic;
				CURRENT_PROJECT_VERSION = 1;
				GENERATE_INFOPLIST_FILE = YES;
				INFOPLIST_FILE = MyBmiCalculator/Info.plist;
				INFOPLIST_KEY_UIApplicationSupportsIndirectInputEvents = YES;
				INFOPLIST_KEY_UILaunchStoryboardName = LaunchScreen;
				INFOPLIST_KEY_UIMainStoryboardFile = Main;
				INFOPLIST_KEY_UISupportedInterfaceOrientations_iPad = "UIInterfaceOrientationPortrait UIInterfaceOrientationPortraitUpsideDown UIInterfaceOrientationLandscapeLeft UIInterfaceOrientationLandscapeRight";
				INFOPLIST_KEY_UISupportedInterfaceOrientations_iPhone = "UIInterfaceOrientationPortrait UIInterfaceOrientationLandscapeLeft UIInterfaceOrientationLandscapeRight";
				LD_RUNPATH_SEARCH_PATHS = (
					"$(inherited)",
					"@executable_path/Frameworks",
				);
				MARKETING_VERSION = 1.0;
				PRODUCT_BUNDLE_IDENTIFIER = com.ann.MyBmiCalculator;
				PRODUCT_NAME = "$(TARGET_NAME)";
				SWIFT_EMIT_LOC_STRINGS = YES;
				SWIFT_VERSION = 5.0;
				TARGETED_DEVICE_FAMILY = "1,2";
			};
			name = Release;
		};
/* End XCBuildConfiguration section */

/* Begin XCConfigurationList section */
		94D63D2327459EF00018034B /* Build configuration list for PBXProject "MyBmiCalculator" */ = {
			isa = XCConfigurationList;
			buildConfigurations = (
				94D63D3A27459EF10018034B /* Debug */,
				94D63D3B27459EF10018034B /* Release */,
			);
			defaultConfigurationIsVisible = 0;
			defaultConfigurationName = Release;
		};
		94D63D3C27459EF10018034B /* Build configuration list for PBXNativeTarget "MyBmiCalculator" */ = {
			isa = XCConfigurationList;
			buildConfigurations = (
				94D63D3D27459EF10018034B /* Debug */,
				94D63D3E27459EF10018034B /* Release */,
			);
			defaultConfigurationIsVisible = 0;
			defaultConfigurationName = Release;
		};
/* End XCConfigurationList section */
	};
	rootObject = 94D63D2027459EF00018034B /* Project object */;
}
